id: error_block
type: datasource
subtype: JavascriptQuery
resourceName: JavascriptQuery
template:
  ordered:
    - queryRefreshTime: ''
    - allowedGroupIds: []
    - streamResponse: false
    - lastReceivedFromResourceAt: null
    - queryDisabledMessage: ''
    - servedFromCache: false
    - offlineUserQueryInputs: ''
    - successMessage: ''
    - queryDisabled: ''
    - playgroundQuerySaveId: latest
    - workflowParams: null
    - resourceNameOverride: ''
    - runWhenModelUpdates: false
    - workflowRunId: null
    - showFailureToaster: true
    - query: >-
        const email_to = workflowContext.environment === 'staging' ?
        [{email:'ncsaretooltesting@gmail.com'}] : [{email:
        'jpenney@ncsasports.org'},{email: 'jnorth@ncsasports.org'}, {email:
        'jasonsmith@ncsasports.org'},{email: 'eperozich@ncsasports.org'},{email:
        'rspears@ncsasports.org'}];


        return {wf_error:JSON.stringify(workflowContext), email_to: email_to};
    - playgroundQueryUuid: ''
    - playgroundQueryId: null
    - error: null
    - workflowRunBodyType: raw
    - privateParams: []
    - workflowBlockUuid: null
    - queryRunOnSelectorUpdate: false
    - runWhenPageLoadsDelay: ''
    - data: null
    - importedQueryInputs:
        ordered: []
    - _additionalScope: []
    - isImported: false
    - showSuccessToaster: true
    - cacheKeyTtl: ''
    - requestSentTimestamp: null
    - metadata: null
    - workflowActionType: null
    - queryRunTime: null
    - changesetObject: ''
    - errorTransformer: >-
        // The variable 'data' allows you to reference the request's data in the
        transformer. 

        // example: return data.find(element => element.isError)

        return data.error
    - finished: null
    - confirmationMessage: null
    - isFetching: false
    - changeset: ''
    - rawData: null
    - queryTriggerDelay: '0'
    - resourceTypeOverride: null
    - watchedParams: []
    - enableErrorTransformer: false
    - showLatestVersionUpdatedWarning: false
    - timestamp: 0
    - evalType: script
    - importedQueryDefaults:
        ordered: []
    - enableTransformer: false
    - showUpdateSetValueDynamicallyToggle: true
    - overrideOrgCacheForUserCache: false
    - runWhenPageLoads: false
    - transformer: |-
        // Query results are available as the `data` variable
        return data
    - events: []
    - queryTimeout: '10000'
    - workflowId: null
    - requireConfirmation: false
    - queryFailureConditions: ''
    - changesetIsObject: false
    - enableCaching: false
    - allowedGroups: []
    - offlineQueryType: None
    - queryThrottleTime: '750'
    - updateSetValueDynamically: false
    - notificationDuration: ''
createdAt: 2024-02-06T15:18:51.349Z
blockData:
  top: 624
  left: 48
  uuid: 09358ce6-6280-48cf-bbed-1857db1e841d
  pluginId: error_block
  blockType: code
  editorType: JavascriptQuery
  resourceName: JavascriptQuery
  failureCondition: 'true'
  responsePanelState: open
  incomingOnSuccessEdges: []
